
Microsoft Visual Studio Solution File, Format Version 12.00
# Visual Studio Version 16
VisualStudioVersion = 16.0.32106.194
MinimumVisualStudioVersion = 10.0.40219.1
Project("{2150E333-8FDC-42A3-9474-1A3956D46DE8}") = "src", "src", "{731C5899-9FAA-4BF3-AFCE-CF15FFA1EC10}"
EndProject
Project("{9A19103F-16F7-4668-BE54-9A1E7A4F7556}") = "RiseAssesment.Infrastructure", "src\ContactAPI\RiseAssesment.Infrastructure\RiseAssesment.Infrastructure.csproj", "{0EFFCA73-A70F-4791-B2F3-637C21E02305}"
EndProject
Project("{9A19103F-16F7-4668-BE54-9A1E7A4F7556}") = "RiseAssessment.Manager", "src\ContactAPI\RiseAssessment.Manager\RiseAssessment.Manager.csproj", "{F32FD8D2-C32E-4F9E-A4B4-D235710FA697}"
EndProject
Project("{9A19103F-16F7-4668-BE54-9A1E7A4F7556}") = "RiseAssesment.API", "src\ContactAPI\RiseAssesment.API\RiseAssesment.API.csproj", "{DAF27EFF-6621-4551-84B0-E4F0D424D06E}"
EndProject
Project("{9A19103F-16F7-4668-BE54-9A1E7A4F7556}") = "RiseAssessment.ReportAPI", "src\ReportAPI\RiseAssessment.ReportAPI\RiseAssessment.ReportAPI.csproj", "{A01D5A96-8D9E-4796-A64C-F796A79CE160}"
EndProject
Project("{2150E333-8FDC-42A3-9474-1A3956D46DE8}") = "ContactAPI", "ContactAPI", "{50C02142-D53C-4EE7-BEB4-2D291E27B766}"
EndProject
Project("{2150E333-8FDC-42A3-9474-1A3956D46DE8}") = "ReportAPI", "ReportAPI", "{86AE217D-6244-4CA5-80B0-D682F18FAAC3}"
EndProject
Project("{9A19103F-16F7-4668-BE54-9A1E7A4F7556}") = "RiseAssesment.Infrastructure", "src\ReportAPI\RiseAssesment.Infrastructure\RiseAssesment.Infrastructure.csproj", "{1F28E1C4-5758-47EC-AE9C-919367CDC4C2}"
EndProject
Project("{9A19103F-16F7-4668-BE54-9A1E7A4F7556}") = "RiseAssessment.Manager", "src\ReportAPI\RiseAssessment.Manager\RiseAssessment.Manager.csproj", "{84DF0EB7-0EB7-4DC8-9870-E49A9CF015CF}"
EndProject
Project("{2150E333-8FDC-42A3-9474-1A3956D46DE8}") = "RabbitMQAPI", "RabbitMQAPI", "{7AC133AD-3190-4D0F-8D68-627497D1B92F}"
EndProject
Project("{9A19103F-16F7-4668-BE54-9A1E7A4F7556}") = "RiseAssesment.RabbitMQ.Api", "src\RabbitMQAPI\RiseAssesment.RabbitMQ.Api.csproj", "{785135B7-E97F-4D97-A6A1-675257F750E5}"
EndProject
Project("{2150E333-8FDC-42A3-9474-1A3956D46DE8}") = "RabbitMQConsumer", "RabbitMQConsumer", "{A6B83813-3524-4FF1-B122-DB1F7C71F2D6}"
EndProject
Project("{2150E333-8FDC-42A3-9474-1A3956D46DE8}") = "UI", "UI", "{2EBAB97D-5FE9-478D-B5C0-2074D96D50F6}"
EndProject
Project("{9A19103F-16F7-4668-BE54-9A1E7A4F7556}") = "RiseAssessment.UI", "src\UI\RiseAssessment.UI.csproj", "{5F82283E-EAEA-4BA1-97F4-27679BF57B08}"
EndProject
Project("{FAE04EC0-301F-11D3-BF4B-00C04F79EFBC}") = "RiseAssesment.Consumer", "RiseAssesment.Consumer\RiseAssesment.Consumer.csproj", "{122C4C16-3924-4353-A22E-3B23A12E3C42}"
EndProject
Global
	GlobalSection(SolutionConfigurationPlatforms) = preSolution
		Debug|Any CPU = Debug|Any CPU
		Release|Any CPU = Release|Any CPU
	EndGlobalSection
	GlobalSection(ProjectConfigurationPlatforms) = postSolution
		{0EFFCA73-A70F-4791-B2F3-637C21E02305}.Debug|Any CPU.ActiveCfg = Debug|Any CPU
		{0EFFCA73-A70F-4791-B2F3-637C21E02305}.Debug|Any CPU.Build.0 = Debug|Any CPU
		{0EFFCA73-A70F-4791-B2F3-637C21E02305}.Release|Any CPU.ActiveCfg = Release|Any CPU
		{0EFFCA73-A70F-4791-B2F3-637C21E02305}.Release|Any CPU.Build.0 = Release|Any CPU
		{F32FD8D2-C32E-4F9E-A4B4-D235710FA697}.Debug|Any CPU.ActiveCfg = Debug|Any CPU
		{F32FD8D2-C32E-4F9E-A4B4-D235710FA697}.Debug|Any CPU.Build.0 = Debug|Any CPU
		{F32FD8D2-C32E-4F9E-A4B4-D235710FA697}.Release|Any CPU.ActiveCfg = Release|Any CPU
		{F32FD8D2-C32E-4F9E-A4B4-D235710FA697}.Release|Any CPU.Build.0 = Release|Any CPU
		{DAF27EFF-6621-4551-84B0-E4F0D424D06E}.Debug|Any CPU.ActiveCfg = Debug|Any CPU
		{DAF27EFF-6621-4551-84B0-E4F0D424D06E}.Debug|Any CPU.Build.0 = Debug|Any CPU
		{DAF27EFF-6621-4551-84B0-E4F0D424D06E}.Release|Any CPU.ActiveCfg = Release|Any CPU
		{DAF27EFF-6621-4551-84B0-E4F0D424D06E}.Release|Any CPU.Build.0 = Release|Any CPU
		{A01D5A96-8D9E-4796-A64C-F796A79CE160}.Debug|Any CPU.ActiveCfg = Debug|Any CPU
		{A01D5A96-8D9E-4796-A64C-F796A79CE160}.Debug|Any CPU.Build.0 = Debug|Any CPU
		{A01D5A96-8D9E-4796-A64C-F796A79CE160}.Release|Any CPU.ActiveCfg = Release|Any CPU
		{A01D5A96-8D9E-4796-A64C-F796A79CE160}.Release|Any CPU.Build.0 = Release|Any CPU
		{1F28E1C4-5758-47EC-AE9C-919367CDC4C2}.Debug|Any CPU.ActiveCfg = Debug|Any CPU
		{1F28E1C4-5758-47EC-AE9C-919367CDC4C2}.Debug|Any CPU.Build.0 = Debug|Any CPU
		{1F28E1C4-5758-47EC-AE9C-919367CDC4C2}.Release|Any CPU.ActiveCfg = Release|Any CPU
		{1F28E1C4-5758-47EC-AE9C-919367CDC4C2}.Release|Any CPU.Build.0 = Release|Any CPU
		{84DF0EB7-0EB7-4DC8-9870-E49A9CF015CF}.Debug|Any CPU.ActiveCfg = Debug|Any CPU
		{84DF0EB7-0EB7-4DC8-9870-E49A9CF015CF}.Debug|Any CPU.Build.0 = Debug|Any CPU
		{84DF0EB7-0EB7-4DC8-9870-E49A9CF015CF}.Release|Any CPU.ActiveCfg = Release|Any CPU
		{84DF0EB7-0EB7-4DC8-9870-E49A9CF015CF}.Release|Any CPU.Build.0 = Release|Any CPU
		{785135B7-E97F-4D97-A6A1-675257F750E5}.Debug|Any CPU.ActiveCfg = Debug|Any CPU
		{785135B7-E97F-4D97-A6A1-675257F750E5}.Debug|Any CPU.Build.0 = Debug|Any CPU
		{785135B7-E97F-4D97-A6A1-675257F750E5}.Release|Any CPU.ActiveCfg = Release|Any CPU
		{785135B7-E97F-4D97-A6A1-675257F750E5}.Release|Any CPU.Build.0 = Release|Any CPU
		{5F82283E-EAEA-4BA1-97F4-27679BF57B08}.Debug|Any CPU.ActiveCfg = Debug|Any CPU
		{5F82283E-EAEA-4BA1-97F4-27679BF57B08}.Debug|Any CPU.Build.0 = Debug|Any CPU
		{5F82283E-EAEA-4BA1-97F4-27679BF57B08}.Release|Any CPU.ActiveCfg = Release|Any CPU
		{5F82283E-EAEA-4BA1-97F4-27679BF57B08}.Release|Any CPU.Build.0 = Release|Any CPU
		{122C4C16-3924-4353-A22E-3B23A12E3C42}.Debug|Any CPU.ActiveCfg = Debug|Any CPU
		{122C4C16-3924-4353-A22E-3B23A12E3C42}.Debug|Any CPU.Build.0 = Debug|Any CPU
		{122C4C16-3924-4353-A22E-3B23A12E3C42}.Release|Any CPU.ActiveCfg = Release|Any CPU
		{122C4C16-3924-4353-A22E-3B23A12E3C42}.Release|Any CPU.Build.0 = Release|Any CPU
	EndGlobalSection
	GlobalSection(SolutionProperties) = preSolution
		HideSolutionNode = FALSE
	EndGlobalSection
	GlobalSection(NestedProjects) = preSolution
		{0EFFCA73-A70F-4791-B2F3-637C21E02305} = {50C02142-D53C-4EE7-BEB4-2D291E27B766}
		{F32FD8D2-C32E-4F9E-A4B4-D235710FA697} = {50C02142-D53C-4EE7-BEB4-2D291E27B766}
		{DAF27EFF-6621-4551-84B0-E4F0D424D06E} = {50C02142-D53C-4EE7-BEB4-2D291E27B766}
		{A01D5A96-8D9E-4796-A64C-F796A79CE160} = {86AE217D-6244-4CA5-80B0-D682F18FAAC3}
		{50C02142-D53C-4EE7-BEB4-2D291E27B766} = {731C5899-9FAA-4BF3-AFCE-CF15FFA1EC10}
		{86AE217D-6244-4CA5-80B0-D682F18FAAC3} = {731C5899-9FAA-4BF3-AFCE-CF15FFA1EC10}
		{1F28E1C4-5758-47EC-AE9C-919367CDC4C2} = {86AE217D-6244-4CA5-80B0-D682F18FAAC3}
		{84DF0EB7-0EB7-4DC8-9870-E49A9CF015CF} = {86AE217D-6244-4CA5-80B0-D682F18FAAC3}
		{7AC133AD-3190-4D0F-8D68-627497D1B92F} = {731C5899-9FAA-4BF3-AFCE-CF15FFA1EC10}
		{785135B7-E97F-4D97-A6A1-675257F750E5} = {7AC133AD-3190-4D0F-8D68-627497D1B92F}
		{A6B83813-3524-4FF1-B122-DB1F7C71F2D6} = {731C5899-9FAA-4BF3-AFCE-CF15FFA1EC10}
		{2EBAB97D-5FE9-478D-B5C0-2074D96D50F6} = {731C5899-9FAA-4BF3-AFCE-CF15FFA1EC10}
		{5F82283E-EAEA-4BA1-97F4-27679BF57B08} = {2EBAB97D-5FE9-478D-B5C0-2074D96D50F6}
		{122C4C16-3924-4353-A22E-3B23A12E3C42} = {A6B83813-3524-4FF1-B122-DB1F7C71F2D6}
	EndGlobalSection
	GlobalSection(ExtensibilityGlobals) = postSolution
		SolutionGuid = {8DFEB1B5-3E7E-4E86-B63F-8E56517FC571}
	EndGlobalSection
EndGlobal
